{
  "name": "@pojntfx/nextcloud-talk-jitsi-bot",
  "version": "1.0.0",
  "lockfileVersion": 1,
  "requires": true,
  "dependencies": {
    "callsites": {
      "version": "3.1.0",
      "resolved": "https://registry.npmjs.org/callsites/-/callsites-3.1.0.tgz",
      "integrity": "sha512-P8BjAsXvZS+VIDUI11hHCQEv74YT67YUi5JJFNWIqL235sBmjX4+qx9Muvls5ivyNENctx46xQLQ3aTuE7ssaQ=="
    },
    "complex.js": {
      "version": "2.0.11",
      "resolved": "https://registry.npmjs.org/complex.js/-/complex.js-2.0.11.tgz",
      "integrity": "sha512-6IArJLApNtdg1P1dFtn3dnyzoZBEF0MwMnrfF1exSBRpZYoy4yieMkpZhQDC0uwctw48vii0CFVyHfpgZ/DfGw=="
    },
    "debug": {
      "version": "4.1.1",
      "resolved": "https://registry.npmjs.org/debug/-/debug-4.1.1.tgz",
      "integrity": "sha512-pYAIzeRo8J6KPEaJ0VWOh5Pzkbw/RetuzehGM7QRRX5he4fPHx2rdKMB256ehJCkX+XRQm16eZLqLNS8RSZXZw==",
      "requires": {
        "ms": "^2.1.1"
      }
    },
    "decimal.js": {
      "version": "10.2.0",
      "resolved": "https://registry.npmjs.org/decimal.js/-/decimal.js-10.2.0.tgz",
      "integrity": "sha512-vDPw+rDgn3bZe1+F/pyEwb1oMG2XTlRVgAa6B4KccTEpYgF8w6eQllVbQcfIJnZyvzFtFpxnpGtx8dd7DJp/Rw=="
    },
    "dotenv": {
      "version": "8.2.0",
      "resolved": "https://registry.npmjs.org/dotenv/-/dotenv-8.2.0.tgz",
      "integrity": "sha512-8sJ78ElpbDJBHNeBzUbUVLsqKdccaa/BXF1uPTw3GrvQTBgrQrtObr2mUrE38vzYd8cEv+m/JBfDLioYcfXoaw=="
    },
    "escape-latex": {
      "version": "1.2.0",
      "resolved": "https://registry.npmjs.org/escape-latex/-/escape-latex-1.2.0.tgz",
      "integrity": "sha512-nV5aVWW1K0wEiUIEdZ4erkGGH8mDxGyxSeqPzRNtWP7ataw+/olFObw7hujFWlVjNsaDFw5VZ5NzVSIqRgfTiw=="
    },
    "esm": {
      "version": "3.2.25",
      "resolved": "https://registry.npmjs.org/esm/-/esm-3.2.25.tgz",
      "integrity": "sha512-U1suiZ2oDVWv4zPO56S0NcR5QriEahGtdN2OR6FiOG4WJvcjBVFB0qI4+eKoWFH483PKGuLuu6V8Z4T5g63UVA==",
      "optional": true
    },
    "eventemitter3": {
      "version": "4.0.0",
      "resolved": "https://registry.npmjs.org/eventemitter3/-/eventemitter3-4.0.0.tgz",
      "integrity": "sha512-qerSRB0p+UDEssxTtm6EDKcE7W4OaoisfIMl4CngyEhjpYglocpNg6UEqCvemdGhosAsg4sO2dXJOdyBifPGCg=="
    },
    "fraction.js": {
      "version": "4.0.12",
      "resolved": "https://registry.npmjs.org/fraction.js/-/fraction.js-4.0.12.tgz",
      "integrity": "sha512-8Z1K0VTG4hzYY7kA/1sj4/r1/RWLBD3xwReT/RCrUCbzPszjNQCCsy3ktkU/eaEqX3MYa4pY37a52eiBlPMlhA=="
    },
    "is-observable": {
      "version": "1.1.0",
      "resolved": "https://registry.npmjs.org/is-observable/-/is-observable-1.1.0.tgz",
      "integrity": "sha512-NqCa4Sa2d+u7BWc6CukaObG3Fh+CU9bvixbpcXYhy2VvYS7vVGIdAgnIS5Ks3A/cqk4rebLJ9s8zBstT2aKnIA==",
      "requires": {
        "symbol-observable": "^1.1.0"
      }
    },
    "javascript-natural-sort": {
      "version": "0.7.1",
      "resolved": "https://registry.npmjs.org/javascript-natural-sort/-/javascript-natural-sort-0.7.1.tgz",
      "integrity": "sha1-+eIwPUUH9tdDVac2ZNFED7Wg71k="
    },
    "js-htmlencode": {
      "version": "0.3.0",
      "resolved": "https://registry.npmjs.org/js-htmlencode/-/js-htmlencode-0.3.0.tgz",
      "integrity": "sha1-sc4pPflOlviooIsfM2j5d70lVzE="
    },
    "mathjs": {
      "version": "6.6.2",
      "resolved": "https://registry.npmjs.org/mathjs/-/mathjs-6.6.2.tgz",
      "integrity": "sha512-kdAUnUbIwIkvd5ahUOFeZYZ6JfTSUDpQVsEkohWN7ZE5rTJgYsuIP7BWNswbHJt8a2C2zfSWS+7rMpDMLgJQhQ==",
      "requires": {
        "complex.js": "^2.0.11",
        "decimal.js": "^10.2.0",
        "escape-latex": "^1.2.0",
        "fraction.js": "^4.0.12",
        "javascript-natural-sort": "^0.7.1",
        "seed-random": "^2.2.0",
        "tiny-emitter": "^2.1.0",
        "typed-function": "^1.1.1"
      }
    },
    "ms": {
      "version": "2.1.2",
      "resolved": "https://registry.npmjs.org/ms/-/ms-2.1.2.tgz",
      "integrity": "sha512-sGkPx+VjMtmA6MX27oA4FBFELFCZZ4S4XqeGOXCv68tT+jb3vk/RyaKWP0PTKyWtmLSM0b+adUTEvbs1PEaH2w=="
    },
    "nan": {
      "version": "2.14.0",
      "resolved": "https://registry.npmjs.org/nan/-/nan-2.14.0.tgz",
      "integrity": "sha512-INOFj37C7k3AfaNTtX8RhsTw7qRy7eLET14cROi9+5HAVbbHuIWUHEauBv5qT4Av2tWasiTY1Jw6puUNqRJXQg=="
    },
    "nextcloud-talk-bot": {
      "version": "0.1.5",
      "resolved": "https://registry.npmjs.org/nextcloud-talk-bot/-/nextcloud-talk-bot-0.1.5.tgz",
      "integrity": "sha512-vPTjnun/KRh5BRy31naBnCCHOSGfMjlzAqxxchNVuZzQnBOMD7tdO2+IjQ8KA+SQgdBN9E/vFBVWSTz0m5dUWg==",
      "requires": {
        "dotenv": "^8.2.0",
        "eventemitter3": "^4.0.0",
        "js-htmlencode": "^0.3.0",
        "mathjs": "^6.6.1",
        "node-fetch": "^2.6.0"
      }
    },
    "node-fetch": {
      "version": "2.6.0",
      "resolved": "https://registry.npmjs.org/node-fetch/-/node-fetch-2.6.0.tgz",
      "integrity": "sha512-8dG4H5ujfvFiqDmVu9fQ5bOHUC15JMjMY/Zumv26oOvvVJjM67KF8koCWIabKQ1GJIa9r2mMZscBq/TbdOcmNA=="
    },
    "observable-fns": {
      "version": "0.5.1",
      "resolved": "https://registry.npmjs.org/observable-fns/-/observable-fns-0.5.1.tgz",
      "integrity": "sha512-wf7g4Jpo1Wt2KIqZKLGeiuLOEMqpaOZ5gJn7DmSdqXgTdxRwSdBhWegQQpPteQ2gZvzCKqNNpwb853wcpA0j7A=="
    },
    "seed-random": {
      "version": "2.2.0",
      "resolved": "https://registry.npmjs.org/seed-random/-/seed-random-2.2.0.tgz",
      "integrity": "sha1-KpsZ4lCoFwmSMaW5mk2vgLf77VQ="
    },
    "sleep": {
      "version": "6.1.0",
      "resolved": "https://registry.npmjs.org/sleep/-/sleep-6.1.0.tgz",
      "integrity": "sha512-Z1x4JjJxsru75Tqn8F4tnOFeEu3HjtITTsumYUiuz54sGKdISgLCek9AUlXlVVrkhltRFhNUsJDJE76SFHTDIQ==",
      "requires": {
        "nan": "^2.13.2"
      }
    },
    "symbol-observable": {
      "version": "1.2.0",
      "resolved": "https://registry.npmjs.org/symbol-observable/-/symbol-observable-1.2.0.tgz",
      "integrity": "sha512-e900nM8RRtGhlV36KGEU9k65K3mPb1WV70OdjfxlG2EAuM1noi/E/BaW/uMhL7bPEssK8QV57vN3esixjUvcXQ=="
    },
    "threads": {
      "version": "1.3.1",
      "resolved": "https://registry.npmjs.org/threads/-/threads-1.3.1.tgz",
      "integrity": "sha512-uhNCUhxEMFVcJlKM0tYA4MHgOMoPaHmcoruWSGq1YV8RuuDbkwdfDbZToIUvf1YuXZj1Z8v1ePx08Cb5JWtjeg==",
      "requires": {
        "callsites": "^3.1.0",
        "debug": "^4.1.1",
        "is-observable": "^1.1.0",
        "observable-fns": "^0.5.1",
        "tiny-worker": ">= 2"
      }
    },
    "tiny-emitter": {
      "version": "2.1.0",
      "resolved": "https://registry.npmjs.org/tiny-emitter/-/tiny-emitter-2.1.0.tgz",
      "integrity": "sha512-NB6Dk1A9xgQPMoGqC5CVXn123gWyte215ONT5Pp5a0yt4nlEoO1ZWeCwpncaekPHXO60i47ihFnZPiRPjRMq4Q=="
    },
    "tiny-worker": {
      "version": "2.3.0",
      "resolved": "https://registry.npmjs.org/tiny-worker/-/tiny-worker-2.3.0.tgz",
      "integrity": "sha512-pJ70wq5EAqTAEl9IkGzA+fN0836rycEuz2Cn6yeZ6FRzlVS5IDOkFHpIoEsksPRQV34GDqXm65+OlnZqUSyK2g==",
      "optional": true,
      "requires": {
        "esm": "^3.2.25"
      }
    },
    "typed-function": {
      "version": "1.1.1",
      "resolved": "https://registry.npmjs.org/typed-function/-/typed-function-1.1.1.tgz",
      "integrity": "sha512-RbN7MaTQBZLJYzDENHPA0nUmWT0Ex80KHItprrgbTPufYhIlTePvCXZxyQK7wgn19FW5bnuaBIKcBb5mRWjB1Q=="
    }
  }
}
